
Microsoft Visual Studio Solution File, Format Version 12.00
# Visual Studio Version 17
VisualStudioVersion = 17.13.35931.197 d17.13
MinimumVisualStudioVersion = 10.0.40219.1
Project("{FAE04EC0-301F-11D3-BF4B-00C04F79EFBC}") = "S3-Storage-Interface", "S3-Storage-Interface\S3-Storage-Interface.csproj", "{E9832993-56B7-4111-8E7E-BDFA4EA7991E}"
EndProject
Global
	GlobalSection(SolutionConfigurationPlatforms) = preSolution
		Debug|Any CPU = Debug|Any CPU
		Release|Any CPU = Release|Any CPU
	EndGlobalSection
	GlobalSection(ProjectConfigurationPlatforms) = postSolution
		{E9832993-56B7-4111-8E7E-BDFA4EA7991E}.Debug|Any CPU.ActiveCfg = Debug|Any CPU
		{E9832993-56B7-4111-8E7E-BDFA4EA7991E}.Debug|Any CPU.Build.0 = Debug|Any CPU
		{E9832993-56B7-4111-8E7E-BDFA4EA7991E}.Release|Any CPU.ActiveCfg = Release|Any CPU
		{E9832993-56B7-4111-8E7E-BDFA4EA7991E}.Release|Any CPU.Build.0 = Release|Any CPU
	EndGlobalSection
	GlobalSection(SolutionProperties) = preSolution
		HideSolutionNode = FALSE
	EndGlobalSection
	GlobalSection(ExtensibilityGlobals) = postSolution
		SolutionGuid = {8A7DFB61-7F18-4D13-92F0-EE225112053A}
	EndGlobalSection
EndGlobal
